
Microsoft Visual Studio Solution File, Format Version 12.00
# Visual Studio 15
VisualStudioVersion = 15.0.28010.2048
MinimumVisualStudioVersion = 10.0.40219.1
Project("{FAE04EC0-301F-11D3-BF4B-00C04F79EFBC}") = "Employee", "Employee\Employee.csproj", "{0D74EDFE-B902-4732-8665-E337E5298263}"
EndProject
Global
	GlobalSection(SolutionConfigurationPlatforms) = preSolution
		Debug|Any CPU = Debug|Any CPU
		Release|Any CPU = Release|Any CPU
	EndGlobalSection
	GlobalSection(ProjectConfigurationPlatforms) = postSolution
		{0D74EDFE-B902-4732-8665-E337E5298263}.Debug|Any CPU.ActiveCfg = Debug|Any CPU
		{0D74EDFE-B902-4732-8665-E337E5298263}.Debug|Any CPU.Build.0 = Debug|Any CPU
		{0D74EDFE-B902-4732-8665-E337E5298263}.Release|Any CPU.ActiveCfg = Release|Any CPU
		{0D74EDFE-B902-4732-8665-E337E5298263}.Release|Any CPU.Build.0 = Release|Any CPU
	EndGlobalSection
	GlobalSection(SolutionProperties) = preSolution
		HideSolutionNode = FALSE
	EndGlobalSection
	GlobalSection(ExtensibilityGlobals) = postSolution
		SolutionGuid = {05401E4D-F473-4B54-A857-A4C44486D8A8}
	EndGlobalSection
EndGlobal
